
Microsoft Visual Studio Solution File, Format Version 12.00
# Visual Studio Version 16
VisualStudioVersion = 16.0.29920.165
MinimumVisualStudioVersion = 10.0.40219.1
Project("{FAE04EC0-301F-11D3-BF4B-00C04F79EFBC}") = "constructor_enum_vezbi", "constructor_enum_vezbi\constructor_enum_vezbi.csproj", "{EC00F457-7C13-403C-B532-6F4EED0C3FB2}"
EndProject
Global
	GlobalSection(SolutionConfigurationPlatforms) = preSolution
		Debug|Any CPU = Debug|Any CPU
		Release|Any CPU = Release|Any CPU
	EndGlobalSection
	GlobalSection(ProjectConfigurationPlatforms) = postSolution
		{EC00F457-7C13-403C-B532-6F4EED0C3FB2}.Debug|Any CPU.ActiveCfg = Debug|Any CPU
		{EC00F457-7C13-403C-B532-6F4EED0C3FB2}.Debug|Any CPU.Build.0 = Debug|Any CPU
		{EC00F457-7C13-403C-B532-6F4EED0C3FB2}.Release|Any CPU.ActiveCfg = Release|Any CPU
		{EC00F457-7C13-403C-B532-6F4EED0C3FB2}.Release|Any CPU.Build.0 = Release|Any CPU
	EndGlobalSection
	GlobalSection(SolutionProperties) = preSolution
		HideSolutionNode = FALSE
	EndGlobalSection
	GlobalSection(ExtensibilityGlobals) = postSolution
		SolutionGuid = {015C0641-D2B1-4DA9-BBF6-6A0456045545}
	EndGlobalSection
EndGlobal
