
Microsoft Visual Studio Solution File, Format Version 12.00
# Visual Studio Version 16
VisualStudioVersion = 16.0.29920.165
MinimumVisualStudioVersion = 10.0.40219.1
Project("{FAE04EC0-301F-11D3-BF4B-00C04F79EFBC}") = "Vezbi_exercise", "Vezbi_exercise\Vezbi_exercise.csproj", "{18C38EB8-47C1-463C-AF07-559E56878175}"
EndProject
Global
	GlobalSection(SolutionConfigurationPlatforms) = preSolution
		Debug|Any CPU = Debug|Any CPU
		Release|Any CPU = Release|Any CPU
	EndGlobalSection
	GlobalSection(ProjectConfigurationPlatforms) = postSolution
		{18C38EB8-47C1-463C-AF07-559E56878175}.Debug|Any CPU.ActiveCfg = Debug|Any CPU
		{18C38EB8-47C1-463C-AF07-559E56878175}.Debug|Any CPU.Build.0 = Debug|Any CPU
		{18C38EB8-47C1-463C-AF07-559E56878175}.Release|Any CPU.ActiveCfg = Release|Any CPU
		{18C38EB8-47C1-463C-AF07-559E56878175}.Release|Any CPU.Build.0 = Release|Any CPU
	EndGlobalSection
	GlobalSection(SolutionProperties) = preSolution
		HideSolutionNode = FALSE
	EndGlobalSection
	GlobalSection(ExtensibilityGlobals) = postSolution
		SolutionGuid = {4BBD0F88-0B16-450A-B43C-428BA2FFC1CD}
	EndGlobalSection
EndGlobal
