
Microsoft Visual Studio Solution File, Format Version 12.00
# Visual Studio Version 16
VisualStudioVersion = 16.0.29920.165
MinimumVisualStudioVersion = 10.0.40219.1
Project("{FAE04EC0-301F-11D3-BF4B-00C04F79EFBC}") = "HomeWork_LINQ", "HomeWork_LINQ\HomeWork_LINQ.csproj", "{4F76FAFD-5556-4818-85D5-3E5C261B784D}"
EndProject
Project("{2150E333-8FDC-42A3-9474-1A3956D46DE8}") = "MoviesApp", "MoviesApp", "{EC47F9E0-A43D-449A-8EBD-EE48F569A2D9}"
EndProject
Project("{2150E333-8FDC-42A3-9474-1A3956D46DE8}") = "Entities", "Entities", "{32A6DEBB-53FB-49CF-8A81-F8978F001DD3}"
EndProject
Project("{2150E333-8FDC-42A3-9474-1A3956D46DE8}") = "Methods", "Methods", "{9A65EECD-9DA8-41E3-A55B-96831B94FA8C}"
EndProject
Project("{FAE04EC0-301F-11D3-BF4B-00C04F79EFBC}") = "Movies", "Movies\Movies.csproj", "{09F852E2-3BBD-4B44-93CD-04779DB73CE8}"
EndProject
Project("{FAE04EC0-301F-11D3-BF4B-00C04F79EFBC}") = "MoviesHelper", "MoviesHelper\MoviesHelper.csproj", "{4357C9AB-24A4-42B0-895E-D23D504AF550}"
EndProject
Global
	GlobalSection(SolutionConfigurationPlatforms) = preSolution
		Debug|Any CPU = Debug|Any CPU
		Release|Any CPU = Release|Any CPU
	EndGlobalSection
	GlobalSection(ProjectConfigurationPlatforms) = postSolution
		{4F76FAFD-5556-4818-85D5-3E5C261B784D}.Debug|Any CPU.ActiveCfg = Debug|Any CPU
		{4F76FAFD-5556-4818-85D5-3E5C261B784D}.Debug|Any CPU.Build.0 = Debug|Any CPU
		{4F76FAFD-5556-4818-85D5-3E5C261B784D}.Release|Any CPU.ActiveCfg = Release|Any CPU
		{4F76FAFD-5556-4818-85D5-3E5C261B784D}.Release|Any CPU.Build.0 = Release|Any CPU
		{09F852E2-3BBD-4B44-93CD-04779DB73CE8}.Debug|Any CPU.ActiveCfg = Debug|Any CPU
		{09F852E2-3BBD-4B44-93CD-04779DB73CE8}.Debug|Any CPU.Build.0 = Debug|Any CPU
		{09F852E2-3BBD-4B44-93CD-04779DB73CE8}.Release|Any CPU.ActiveCfg = Release|Any CPU
		{09F852E2-3BBD-4B44-93CD-04779DB73CE8}.Release|Any CPU.Build.0 = Release|Any CPU
		{4357C9AB-24A4-42B0-895E-D23D504AF550}.Debug|Any CPU.ActiveCfg = Debug|Any CPU
		{4357C9AB-24A4-42B0-895E-D23D504AF550}.Debug|Any CPU.Build.0 = Debug|Any CPU
		{4357C9AB-24A4-42B0-895E-D23D504AF550}.Release|Any CPU.ActiveCfg = Release|Any CPU
		{4357C9AB-24A4-42B0-895E-D23D504AF550}.Release|Any CPU.Build.0 = Release|Any CPU
	EndGlobalSection
	GlobalSection(SolutionProperties) = preSolution
		HideSolutionNode = FALSE
	EndGlobalSection
	GlobalSection(NestedProjects) = preSolution
		{32A6DEBB-53FB-49CF-8A81-F8978F001DD3} = {EC47F9E0-A43D-449A-8EBD-EE48F569A2D9}
		{9A65EECD-9DA8-41E3-A55B-96831B94FA8C} = {EC47F9E0-A43D-449A-8EBD-EE48F569A2D9}
		{09F852E2-3BBD-4B44-93CD-04779DB73CE8} = {32A6DEBB-53FB-49CF-8A81-F8978F001DD3}
		{4357C9AB-24A4-42B0-895E-D23D504AF550} = {9A65EECD-9DA8-41E3-A55B-96831B94FA8C}
	EndGlobalSection
	GlobalSection(ExtensibilityGlobals) = postSolution
		SolutionGuid = {08A58A31-0C21-4578-96E8-23979C1A638E}
	EndGlobalSection
EndGlobal
